
Microsoft Visual Studio Solution File, Format Version 12.00
# Visual Studio Version 16
VisualStudioVersion = 16.0.30804.86
MinimumVisualStudioVersion = 10.0.40219.1
Project("{FAE04EC0-301F-11D3-BF4B-00C04F79EFBC}") = "ConsoleApplicationAssignmentStep158", "ConsoleApplicationAssignmentStep158\ConsoleApplicationAssignmentStep158.csproj", "{D45963FD-0DFB-41E3-8444-28AE4A2865C4}"
EndProject
Global
	GlobalSection(SolutionConfigurationPlatforms) = preSolution
		Debug|Any CPU = Debug|Any CPU
		Release|Any CPU = Release|Any CPU
	EndGlobalSection
	GlobalSection(ProjectConfigurationPlatforms) = postSolution
		{D45963FD-0DFB-41E3-8444-28AE4A2865C4}.Debug|Any CPU.ActiveCfg = Debug|Any CPU
		{D45963FD-0DFB-41E3-8444-28AE4A2865C4}.Debug|Any CPU.Build.0 = Debug|Any CPU
		{D45963FD-0DFB-41E3-8444-28AE4A2865C4}.Release|Any CPU.ActiveCfg = Release|Any CPU
		{D45963FD-0DFB-41E3-8444-28AE4A2865C4}.Release|Any CPU.Build.0 = Release|Any CPU
	EndGlobalSection
	GlobalSection(SolutionProperties) = preSolution
		HideSolutionNode = FALSE
	EndGlobalSection
	GlobalSection(ExtensibilityGlobals) = postSolution
		SolutionGuid = {BD4FF4D6-F5BE-4026-9843-4D1A4257A783}
	EndGlobalSection
EndGlobal
