
Microsoft Visual Studio Solution File, Format Version 12.00
# Visual Studio Version 16
VisualStudioVersion = 16.0.30804.86
MinimumVisualStudioVersion = 10.0.40219.1
Project("{FAE04EC0-301F-11D3-BF4B-00C04F79EFBC}") = "Assignment159", "Assignment159\Assignment159.csproj", "{3F77278A-6973-47F7-AB42-E66B0D135B95}"
EndProject
Global
	GlobalSection(SolutionConfigurationPlatforms) = preSolution
		Debug|Any CPU = Debug|Any CPU
		Release|Any CPU = Release|Any CPU
	EndGlobalSection
	GlobalSection(ProjectConfigurationPlatforms) = postSolution
		{3F77278A-6973-47F7-AB42-E66B0D135B95}.Debug|Any CPU.ActiveCfg = Debug|Any CPU
		{3F77278A-6973-47F7-AB42-E66B0D135B95}.Debug|Any CPU.Build.0 = Debug|Any CPU
		{3F77278A-6973-47F7-AB42-E66B0D135B95}.Release|Any CPU.ActiveCfg = Release|Any CPU
		{3F77278A-6973-47F7-AB42-E66B0D135B95}.Release|Any CPU.Build.0 = Release|Any CPU
	EndGlobalSection
	GlobalSection(SolutionProperties) = preSolution
		HideSolutionNode = FALSE
	EndGlobalSection
	GlobalSection(ExtensibilityGlobals) = postSolution
		SolutionGuid = {D5AA6CBC-B32E-4362-AB02-3DC1A4AE5D65}
	EndGlobalSection
EndGlobal
