
Microsoft Visual Studio Solution File, Format Version 12.00
# Visual Studio Version 16
VisualStudioVersion = 16.0.30804.86
MinimumVisualStudioVersion = 10.0.40219.1
Project("{FAE04EC0-301F-11D3-BF4B-00C04F79EFBC}") = "RepeatAssignmentStep140", "RepeatAssignmentStep140\RepeatAssignmentStep140.csproj", "{11B884CC-84B0-4F8E-88EB-042A7AAE6691}"
EndProject
Global
	GlobalSection(SolutionConfigurationPlatforms) = preSolution
		Debug|Any CPU = Debug|Any CPU
		Release|Any CPU = Release|Any CPU
	EndGlobalSection
	GlobalSection(ProjectConfigurationPlatforms) = postSolution
		{11B884CC-84B0-4F8E-88EB-042A7AAE6691}.Debug|Any CPU.ActiveCfg = Debug|Any CPU
		{11B884CC-84B0-4F8E-88EB-042A7AAE6691}.Debug|Any CPU.Build.0 = Debug|Any CPU
		{11B884CC-84B0-4F8E-88EB-042A7AAE6691}.Release|Any CPU.ActiveCfg = Release|Any CPU
		{11B884CC-84B0-4F8E-88EB-042A7AAE6691}.Release|Any CPU.Build.0 = Release|Any CPU
	EndGlobalSection
	GlobalSection(SolutionProperties) = preSolution
		HideSolutionNode = FALSE
	EndGlobalSection
	GlobalSection(ExtensibilityGlobals) = postSolution
		SolutionGuid = {26E10A31-F797-48D7-A2BE-E38722B92B59}
	EndGlobalSection
EndGlobal
