
Microsoft Visual Studio Solution File, Format Version 12.00
# Visual Studio Version 16
VisualStudioVersion = 16.0.30804.86
MinimumVisualStudioVersion = 10.0.40219.1
Project("{FAE04EC0-301F-11D3-BF4B-00C04F79EFBC}") = "AssigmentStep193", "AssigmentStep193\AssigmentStep193.csproj", "{21E6D344-7F6A-407E-A38E-6501CB52AFE7}"
EndProject
Global
	GlobalSection(SolutionConfigurationPlatforms) = preSolution
		Debug|Any CPU = Debug|Any CPU
		Release|Any CPU = Release|Any CPU
	EndGlobalSection
	GlobalSection(ProjectConfigurationPlatforms) = postSolution
		{21E6D344-7F6A-407E-A38E-6501CB52AFE7}.Debug|Any CPU.ActiveCfg = Debug|Any CPU
		{21E6D344-7F6A-407E-A38E-6501CB52AFE7}.Debug|Any CPU.Build.0 = Debug|Any CPU
		{21E6D344-7F6A-407E-A38E-6501CB52AFE7}.Release|Any CPU.ActiveCfg = Release|Any CPU
		{21E6D344-7F6A-407E-A38E-6501CB52AFE7}.Release|Any CPU.Build.0 = Release|Any CPU
	EndGlobalSection
	GlobalSection(SolutionProperties) = preSolution
		HideSolutionNode = FALSE
	EndGlobalSection
	GlobalSection(ExtensibilityGlobals) = postSolution
		SolutionGuid = {A2B3CA20-B23C-4B28-AC02-E88CC924724B}
	EndGlobalSection
EndGlobal
