
Microsoft Visual Studio Solution File, Format Version 12.00
# Visual Studio Version 16
VisualStudioVersion = 16.0.30804.86
MinimumVisualStudioVersion = 10.0.40219.1
Project("{FAE04EC0-301F-11D3-BF4B-00C04F79EFBC}") = "FCStep451", "FCStep451\FCStep451.csproj", "{CDD8355B-45EC-4E02-B3A0-D065B6FE50FC}"
EndProject
Global
	GlobalSection(SolutionConfigurationPlatforms) = preSolution
		Debug|Any CPU = Debug|Any CPU
		Release|Any CPU = Release|Any CPU
	EndGlobalSection
	GlobalSection(ProjectConfigurationPlatforms) = postSolution
		{CDD8355B-45EC-4E02-B3A0-D065B6FE50FC}.Debug|Any CPU.ActiveCfg = Debug|Any CPU
		{CDD8355B-45EC-4E02-B3A0-D065B6FE50FC}.Debug|Any CPU.Build.0 = Debug|Any CPU
		{CDD8355B-45EC-4E02-B3A0-D065B6FE50FC}.Release|Any CPU.ActiveCfg = Release|Any CPU
		{CDD8355B-45EC-4E02-B3A0-D065B6FE50FC}.Release|Any CPU.Build.0 = Release|Any CPU
	EndGlobalSection
	GlobalSection(SolutionProperties) = preSolution
		HideSolutionNode = FALSE
	EndGlobalSection
	GlobalSection(ExtensibilityGlobals) = postSolution
		SolutionGuid = {A883D661-10B5-4EE2-A6A8-12EDA530F0E4}
	EndGlobalSection
EndGlobal
