
Microsoft Visual Studio Solution File, Format Version 12.00
# Visual Studio Version 16
VisualStudioVersion = 16.0.30804.86
MinimumVisualStudioVersion = 10.0.40219.1
Project("{FAE04EC0-301F-11D3-BF4B-00C04F79EFBC}") = "AssignmentStep310", "AssignmentStep310\AssignmentStep310.csproj", "{651BEA2B-C822-4D59-A211-CC4E0AF1B6C7}"
EndProject
Global
	GlobalSection(SolutionConfigurationPlatforms) = preSolution
		Debug|Any CPU = Debug|Any CPU
		Release|Any CPU = Release|Any CPU
	EndGlobalSection
	GlobalSection(ProjectConfigurationPlatforms) = postSolution
		{651BEA2B-C822-4D59-A211-CC4E0AF1B6C7}.Debug|Any CPU.ActiveCfg = Debug|Any CPU
		{651BEA2B-C822-4D59-A211-CC4E0AF1B6C7}.Debug|Any CPU.Build.0 = Debug|Any CPU
		{651BEA2B-C822-4D59-A211-CC4E0AF1B6C7}.Release|Any CPU.ActiveCfg = Release|Any CPU
		{651BEA2B-C822-4D59-A211-CC4E0AF1B6C7}.Release|Any CPU.Build.0 = Release|Any CPU
	EndGlobalSection
	GlobalSection(SolutionProperties) = preSolution
		HideSolutionNode = FALSE
	EndGlobalSection
	GlobalSection(ExtensibilityGlobals) = postSolution
		SolutionGuid = {C896E803-C7F8-4D28-8473-76AB04187679}
	EndGlobalSection
EndGlobal
