
Microsoft Visual Studio Solution File, Format Version 12.00
# Visual Studio Version 16
VisualStudioVersion = 16.0.30804.86
MinimumVisualStudioVersion = 10.0.40219.1
Project("{FAE04EC0-301F-11D3-BF4B-00C04F79EFBC}") = "AssignmentStep198", "AssignmentStep198\AssignmentStep198.csproj", "{B95062F5-6B51-4581-BD8E-BAFEACBDC59E}"
EndProject
Global
	GlobalSection(SolutionConfigurationPlatforms) = preSolution
		Debug|Any CPU = Debug|Any CPU
		Release|Any CPU = Release|Any CPU
	EndGlobalSection
	GlobalSection(ProjectConfigurationPlatforms) = postSolution
		{B95062F5-6B51-4581-BD8E-BAFEACBDC59E}.Debug|Any CPU.ActiveCfg = Debug|Any CPU
		{B95062F5-6B51-4581-BD8E-BAFEACBDC59E}.Debug|Any CPU.Build.0 = Debug|Any CPU
		{B95062F5-6B51-4581-BD8E-BAFEACBDC59E}.Release|Any CPU.ActiveCfg = Release|Any CPU
		{B95062F5-6B51-4581-BD8E-BAFEACBDC59E}.Release|Any CPU.Build.0 = Release|Any CPU
	EndGlobalSection
	GlobalSection(SolutionProperties) = preSolution
		HideSolutionNode = FALSE
	EndGlobalSection
	GlobalSection(ExtensibilityGlobals) = postSolution
		SolutionGuid = {C5DEDBA3-BFF5-49F3-ADE0-DBE15A2D6B2A}
	EndGlobalSection
EndGlobal
