
Microsoft Visual Studio Solution File, Format Version 12.00
# Visual Studio Version 16
VisualStudioVersion = 16.0.30804.86
MinimumVisualStudioVersion = 10.0.40219.1
Project("{FAE04EC0-301F-11D3-BF4B-00C04F79EFBC}") = "TechAcadStudentsMVC", "TechAcadStudentsMVC\TechAcadStudentsMVC.csproj", "{02EDD5A8-6E6F-43B2-9694-EF19221C97E5}"
EndProject
Global
	GlobalSection(SolutionConfigurationPlatforms) = preSolution
		Debug|Any CPU = Debug|Any CPU
		Release|Any CPU = Release|Any CPU
	EndGlobalSection
	GlobalSection(ProjectConfigurationPlatforms) = postSolution
		{02EDD5A8-6E6F-43B2-9694-EF19221C97E5}.Debug|Any CPU.ActiveCfg = Debug|Any CPU
		{02EDD5A8-6E6F-43B2-9694-EF19221C97E5}.Debug|Any CPU.Build.0 = Debug|Any CPU
		{02EDD5A8-6E6F-43B2-9694-EF19221C97E5}.Release|Any CPU.ActiveCfg = Release|Any CPU
		{02EDD5A8-6E6F-43B2-9694-EF19221C97E5}.Release|Any CPU.Build.0 = Release|Any CPU
	EndGlobalSection
	GlobalSection(SolutionProperties) = preSolution
		HideSolutionNode = FALSE
	EndGlobalSection
	GlobalSection(ExtensibilityGlobals) = postSolution
		SolutionGuid = {88B1FCA6-2960-4942-BF41-4E9E9232E932}
	EndGlobalSection
EndGlobal
