
Microsoft Visual Studio Solution File, Format Version 12.00
# Visual Studio Version 16
VisualStudioVersion = 16.0.30804.86
MinimumVisualStudioVersion = 10.0.40219.1
Project("{FAE04EC0-301F-11D3-BF4B-00C04F79EFBC}") = "MaudisExtensions", "MaudisExtensions\MaudisExtensions.csproj", "{27AA9A9E-06DB-4ACC-9E69-5CAE2F055615}"
EndProject
Global
	GlobalSection(SolutionConfigurationPlatforms) = preSolution
		Debug|Any CPU = Debug|Any CPU
		Release|Any CPU = Release|Any CPU
	EndGlobalSection
	GlobalSection(ProjectConfigurationPlatforms) = postSolution
		{27AA9A9E-06DB-4ACC-9E69-5CAE2F055615}.Debug|Any CPU.ActiveCfg = Debug|Any CPU
		{27AA9A9E-06DB-4ACC-9E69-5CAE2F055615}.Debug|Any CPU.Build.0 = Debug|Any CPU
		{27AA9A9E-06DB-4ACC-9E69-5CAE2F055615}.Release|Any CPU.ActiveCfg = Release|Any CPU
		{27AA9A9E-06DB-4ACC-9E69-5CAE2F055615}.Release|Any CPU.Build.0 = Release|Any CPU
	EndGlobalSection
	GlobalSection(SolutionProperties) = preSolution
		HideSolutionNode = FALSE
	EndGlobalSection
	GlobalSection(ExtensibilityGlobals) = postSolution
		SolutionGuid = {760A19EC-3912-4196-A215-0705F6F3DA60}
	EndGlobalSection
EndGlobal
