
Microsoft Visual Studio Solution File, Format Version 12.00
# Visual Studio Version 16
VisualStudioVersion = 16.0.30804.86
MinimumVisualStudioVersion = 10.0.40219.1
Project("{FAE04EC0-301F-11D3-BF4B-00C04F79EFBC}") = "AssignmentStep255", "AssignmentStep255\AssignmentStep255.csproj", "{0DDB6351-B02E-4EF1-97B8-5AC82352CFCD}"
EndProject
Global
	GlobalSection(SolutionConfigurationPlatforms) = preSolution
		Debug|Any CPU = Debug|Any CPU
		Release|Any CPU = Release|Any CPU
	EndGlobalSection
	GlobalSection(ProjectConfigurationPlatforms) = postSolution
		{0DDB6351-B02E-4EF1-97B8-5AC82352CFCD}.Debug|Any CPU.ActiveCfg = Debug|Any CPU
		{0DDB6351-B02E-4EF1-97B8-5AC82352CFCD}.Debug|Any CPU.Build.0 = Debug|Any CPU
		{0DDB6351-B02E-4EF1-97B8-5AC82352CFCD}.Release|Any CPU.ActiveCfg = Release|Any CPU
		{0DDB6351-B02E-4EF1-97B8-5AC82352CFCD}.Release|Any CPU.Build.0 = Release|Any CPU
	EndGlobalSection
	GlobalSection(SolutionProperties) = preSolution
		HideSolutionNode = FALSE
	EndGlobalSection
	GlobalSection(ExtensibilityGlobals) = postSolution
		SolutionGuid = {0E10C27F-9766-4CD6-B25E-04C083C22A4C}
	EndGlobalSection
EndGlobal
