
Microsoft Visual Studio Solution File, Format Version 12.00
# Visual Studio Version 16
VisualStudioVersion = 16.0.30804.86
MinimumVisualStudioVersion = 10.0.40219.1
Project("{FAE04EC0-301F-11D3-BF4B-00C04F79EFBC}") = "ChallengeStep450", "ChallengeStep450\ChallengeStep450.csproj", "{2FC66D5A-1534-4C24-A3A2-900F7373A76F}"
EndProject
Global
	GlobalSection(SolutionConfigurationPlatforms) = preSolution
		Debug|Any CPU = Debug|Any CPU
		Release|Any CPU = Release|Any CPU
	EndGlobalSection
	GlobalSection(ProjectConfigurationPlatforms) = postSolution
		{2FC66D5A-1534-4C24-A3A2-900F7373A76F}.Debug|Any CPU.ActiveCfg = Debug|Any CPU
		{2FC66D5A-1534-4C24-A3A2-900F7373A76F}.Debug|Any CPU.Build.0 = Debug|Any CPU
		{2FC66D5A-1534-4C24-A3A2-900F7373A76F}.Release|Any CPU.ActiveCfg = Release|Any CPU
		{2FC66D5A-1534-4C24-A3A2-900F7373A76F}.Release|Any CPU.Build.0 = Release|Any CPU
	EndGlobalSection
	GlobalSection(SolutionProperties) = preSolution
		HideSolutionNode = FALSE
	EndGlobalSection
	GlobalSection(ExtensibilityGlobals) = postSolution
		SolutionGuid = {02AD9484-E025-4966-BC33-BE3228BDC17E}
	EndGlobalSection
EndGlobal
