
Microsoft Visual Studio Solution File, Format Version 12.00
# Visual Studio Version 16
VisualStudioVersion = 16.0.30907.101
MinimumVisualStudioVersion = 10.0.40219.1
Project("{FAE04EC0-301F-11D3-BF4B-00C04F79EFBC}") = "AssignmentStep226", "AssignmentStep226\AssignmentStep226.csproj", "{119E54AD-0D16-4D50-8649-8D594AE057BC}"
EndProject
Global
	GlobalSection(SolutionConfigurationPlatforms) = preSolution
		Debug|Any CPU = Debug|Any CPU
		Release|Any CPU = Release|Any CPU
	EndGlobalSection
	GlobalSection(ProjectConfigurationPlatforms) = postSolution
		{119E54AD-0D16-4D50-8649-8D594AE057BC}.Debug|Any CPU.ActiveCfg = Debug|Any CPU
		{119E54AD-0D16-4D50-8649-8D594AE057BC}.Debug|Any CPU.Build.0 = Debug|Any CPU
		{119E54AD-0D16-4D50-8649-8D594AE057BC}.Release|Any CPU.ActiveCfg = Release|Any CPU
		{119E54AD-0D16-4D50-8649-8D594AE057BC}.Release|Any CPU.Build.0 = Release|Any CPU
	EndGlobalSection
	GlobalSection(SolutionProperties) = preSolution
		HideSolutionNode = FALSE
	EndGlobalSection
	GlobalSection(ExtensibilityGlobals) = postSolution
		SolutionGuid = {12B2BA96-24E7-46C0-A59B-EFF276771C6F}
	EndGlobalSection
EndGlobal
